
Microsoft Visual Studio Solution File, Format Version 12.00
# Visual Studio Version 17
VisualStudioVersion = 17.3.32901.215
MinimumVisualStudioVersion = 10.0.40219.1
Project("{FAE04EC0-301F-11D3-BF4B-00C04F79EFBC}") = "Code_First", "Code_First\Code_First.csproj", "{9FEB8C38-1712-42B2-8434-777639F26113}"
EndProject
Global
	GlobalSection(SolutionConfigurationPlatforms) = preSolution
		Debug|Any CPU = Debug|Any CPU
		Release|Any CPU = Release|Any CPU
	EndGlobalSection
	GlobalSection(ProjectConfigurationPlatforms) = postSolution
		{9FEB8C38-1712-42B2-8434-777639F26113}.Debug|Any CPU.ActiveCfg = Debug|Any CPU
		{9FEB8C38-1712-42B2-8434-777639F26113}.Debug|Any CPU.Build.0 = Debug|Any CPU
		{9FEB8C38-1712-42B2-8434-777639F26113}.Release|Any CPU.ActiveCfg = Release|Any CPU
		{9FEB8C38-1712-42B2-8434-777639F26113}.Release|Any CPU.Build.0 = Release|Any CPU
	EndGlobalSection
	GlobalSection(SolutionProperties) = preSolution
		HideSolutionNode = FALSE
	EndGlobalSection
	GlobalSection(ExtensibilityGlobals) = postSolution
		SolutionGuid = {2E73B58F-2082-4F42-B50C-BFAF5731C4D8}
	EndGlobalSection
EndGlobal
